
Microsoft Visual Studio Solution File, Format Version 12.00
# Visual Studio Version 17
VisualStudioVersion = 17.12.35506.116
MinimumVisualStudioVersion = 10.0.40219.1
Project("{8BC9CEB8-8B4A-11D0-8D11-00A0C91BC942}") = "CrabEngine", "TestWindow.vcxproj", "{821F72C3-7EEC-4DD0-ACA7-D79321D0D5D6}"
EndProject
Project("{2150E333-8FDC-42A3-9474-1A3956D46DE8}") = "Vendor", "Vendor", "{8C55C745-7997-4095-8BC5-FAE2AB190F09}"
EndProject
Project("{2150E333-8FDC-42A3-9474-1A3956D46DE8}") = "DX", "DX", "{A4FBBFB3-7691-4A77-865D-B1D432D25B1C}"
EndProject
Project("{8BC9CEB8-8B4A-11D0-8D11-00A0C91BC942}") = "DirectXTK_Desktop_2022", "Vendor\DirectXTK\DirectXTK_Desktop_2022.vcxproj", "{E0B52AE7-E160-4D32-BF3F-910B785E5A8E}"
EndProject
Project("{8BC9CEB8-8B4A-11D0-8D11-00A0C91BC942}") = "DemoGame", "..\DemoGame\DemoGame.vcxproj", "{AFB28C6A-18F8-42A4-87DC-2765FDB8D563}"
EndProject
Project("{8BC9CEB8-8B4A-11D0-8D11-00A0C91BC942}") = "ImGui", "Vendor\ImGui\ImGui.vcxproj", "{99275168-766D-4302-8140-816E086A0664}"
EndProject
Project("{8BC9CEB8-8B4A-11D0-8D11-00A0C91BC942}") = "DirectXTex", "Vendor\DirectXTex\DirectXTex\DirectXTex_Desktop_2022.vcxproj", "{371B9FA9-4C90-4AC6-A123-ACED756D6C77}"
EndProject
Project("{2150E333-8FDC-42A3-9474-1A3956D46DE8}") = "About Imgui", "About Imgui", "{9DCDF327-1FAE-4602-A06D-EE2043E6C059}"
EndProject
Project("{8BC9CEB8-8B4A-11D0-8D11-00A0C91BC942}") = "box2d", "Vendor\box2d\build\src\box2d.vcxproj", "{8CD4CEC5-CA51-3AF4-A6CD-3AC3875C3C20}"
EndProject
Project("{2150E333-8FDC-42A3-9474-1A3956D46DE8}") = "Shader", "Shader", "{940FE0B5-101C-4EC3-8B29-CE6E042DC509}"
EndProject
Project("{2150E333-8FDC-42A3-9474-1A3956D46DE8}") = "HLSL", "HLSL", "{19804A48-CF28-487C-974C-D67B56B764E6}"
	ProjectSection(SolutionItems) = preProject
		DXBatchRenderer2D.hlsl = DXBatchRenderer2D.hlsl
	EndProjectSection
EndProject
Project("{2150E333-8FDC-42A3-9474-1A3956D46DE8}") = "Crabs", "Crabs", "{889456DB-5F87-4675-9CBE-E26C93CD9518}"
EndProject
Project("{FAE04EC0-301F-11D3-BF4B-00C04F79EFBC}") = "CrabScriptCore", "..\CrabScriptCore\CrabScriptCore.csproj", "{E172EBE5-81E0-488D-860F-D9582A91D6E0}"
EndProject
Project("{FAE04EC0-301F-11D3-BF4B-00C04F79EFBC}") = "DemoGameScript", "..\DemoGameScript\DemoGameScript.csproj", "{D3480873-71D2-48C2-B369-6477E5DE1586}"
EndProject
Global
	GlobalSection(SolutionConfigurationPlatforms) = preSolution
		Debug|Any CPU = Debug|Any CPU
		Debug|x64 = Debug|x64
		Debug|x86 = Debug|x86
		Release|Any CPU = Release|Any CPU
		Release|x64 = Release|x64
		Release|x86 = Release|x86
	EndGlobalSection
	GlobalSection(ProjectConfigurationPlatforms) = postSolution
		{821F72C3-7EEC-4DD0-ACA7-D79321D0D5D6}.Debug|Any CPU.ActiveCfg = Debug|x64
		{821F72C3-7EEC-4DD0-ACA7-D79321D0D5D6}.Debug|Any CPU.Build.0 = Debug|x64
		{821F72C3-7EEC-4DD0-ACA7-D79321D0D5D6}.Debug|x64.ActiveCfg = Debug|x64
		{821F72C3-7EEC-4DD0-ACA7-D79321D0D5D6}.Debug|x64.Build.0 = Debug|x64
		{821F72C3-7EEC-4DD0-ACA7-D79321D0D5D6}.Debug|x86.ActiveCfg = Debug|Win32
		{821F72C3-7EEC-4DD0-ACA7-D79321D0D5D6}.Debug|x86.Build.0 = Debug|Win32
		{821F72C3-7EEC-4DD0-ACA7-D79321D0D5D6}.Release|Any CPU.ActiveCfg = Release|x64
		{821F72C3-7EEC-4DD0-ACA7-D79321D0D5D6}.Release|Any CPU.Build.0 = Release|x64
		{821F72C3-7EEC-4DD0-ACA7-D79321D0D5D6}.Release|x64.ActiveCfg = Release|x64
		{821F72C3-7EEC-4DD0-ACA7-D79321D0D5D6}.Release|x64.Build.0 = Release|x64
		{821F72C3-7EEC-4DD0-ACA7-D79321D0D5D6}.Release|x86.ActiveCfg = Release|Win32
		{821F72C3-7EEC-4DD0-ACA7-D79321D0D5D6}.Release|x86.Build.0 = Release|Win32
		{E0B52AE7-E160-4D32-BF3F-910B785E5A8E}.Debug|Any CPU.ActiveCfg = Debug|x64
		{E0B52AE7-E160-4D32-BF3F-910B785E5A8E}.Debug|Any CPU.Build.0 = Debug|x64
		{E0B52AE7-E160-4D32-BF3F-910B785E5A8E}.Debug|x64.ActiveCfg = Debug|x64
		{E0B52AE7-E160-4D32-BF3F-910B785E5A8E}.Debug|x64.Build.0 = Debug|x64
		{E0B52AE7-E160-4D32-BF3F-910B785E5A8E}.Debug|x86.ActiveCfg = Debug|Win32
		{E0B52AE7-E160-4D32-BF3F-910B785E5A8E}.Debug|x86.Build.0 = Debug|Win32
		{E0B52AE7-E160-4D32-BF3F-910B785E5A8E}.Release|Any CPU.ActiveCfg = Release|x64
		{E0B52AE7-E160-4D32-BF3F-910B785E5A8E}.Release|Any CPU.Build.0 = Release|x64
		{E0B52AE7-E160-4D32-BF3F-910B785E5A8E}.Release|x64.ActiveCfg = Release|x64
		{E0B52AE7-E160-4D32-BF3F-910B785E5A8E}.Release|x64.Build.0 = Release|x64
		{E0B52AE7-E160-4D32-BF3F-910B785E5A8E}.Release|x86.ActiveCfg = Release|Win32
		{E0B52AE7-E160-4D32-BF3F-910B785E5A8E}.Release|x86.Build.0 = Release|Win32
		{AFB28C6A-18F8-42A4-87DC-2765FDB8D563}.Debug|Any CPU.ActiveCfg = Debug|x64
		{AFB28C6A-18F8-42A4-87DC-2765FDB8D563}.Debug|Any CPU.Build.0 = Debug|x64
		{AFB28C6A-18F8-42A4-87DC-2765FDB8D563}.Debug|x64.ActiveCfg = Debug|x64
		{AFB28C6A-18F8-42A4-87DC-2765FDB8D563}.Debug|x64.Build.0 = Debug|x64
		{AFB28C6A-18F8-42A4-87DC-2765FDB8D563}.Debug|x86.ActiveCfg = Debug|Win32
		{AFB28C6A-18F8-42A4-87DC-2765FDB8D563}.Debug|x86.Build.0 = Debug|Win32
		{AFB28C6A-18F8-42A4-87DC-2765FDB8D563}.Release|Any CPU.ActiveCfg = Release|x64
		{AFB28C6A-18F8-42A4-87DC-2765FDB8D563}.Release|Any CPU.Build.0 = Release|x64
		{AFB28C6A-18F8-42A4-87DC-2765FDB8D563}.Release|x64.ActiveCfg = Release|x64
		{AFB28C6A-18F8-42A4-87DC-2765FDB8D563}.Release|x64.Build.0 = Release|x64
		{AFB28C6A-18F8-42A4-87DC-2765FDB8D563}.Release|x86.ActiveCfg = Release|Win32
		{AFB28C6A-18F8-42A4-87DC-2765FDB8D563}.Release|x86.Build.0 = Release|Win32
		{99275168-766D-4302-8140-816E086A0664}.Debug|Any CPU.ActiveCfg = Debug|x64
		{99275168-766D-4302-8140-816E086A0664}.Debug|Any CPU.Build.0 = Debug|x64
		{99275168-766D-4302-8140-816E086A0664}.Debug|x64.ActiveCfg = Debug|x64
		{99275168-766D-4302-8140-816E086A0664}.Debug|x64.Build.0 = Debug|x64
		{99275168-766D-4302-8140-816E086A0664}.Debug|x86.ActiveCfg = Debug|Win32
		{99275168-766D-4302-8140-816E086A0664}.Debug|x86.Build.0 = Debug|Win32
		{99275168-766D-4302-8140-816E086A0664}.Release|Any CPU.ActiveCfg = Release|x64
		{99275168-766D-4302-8140-816E086A0664}.Release|Any CPU.Build.0 = Release|x64
		{99275168-766D-4302-8140-816E086A0664}.Release|x64.ActiveCfg = Release|x64
		{99275168-766D-4302-8140-816E086A0664}.Release|x64.Build.0 = Release|x64
		{99275168-766D-4302-8140-816E086A0664}.Release|x86.ActiveCfg = Release|Win32
		{99275168-766D-4302-8140-816E086A0664}.Release|x86.Build.0 = Release|Win32
		{371B9FA9-4C90-4AC6-A123-ACED756D6C77}.Debug|Any CPU.ActiveCfg = Debug|x64
		{371B9FA9-4C90-4AC6-A123-ACED756D6C77}.Debug|Any CPU.Build.0 = Debug|x64
		{371B9FA9-4C90-4AC6-A123-ACED756D6C77}.Debug|x64.ActiveCfg = Debug|x64
		{371B9FA9-4C90-4AC6-A123-ACED756D6C77}.Debug|x64.Build.0 = Debug|x64
		{371B9FA9-4C90-4AC6-A123-ACED756D6C77}.Debug|x86.ActiveCfg = Debug|Win32
		{371B9FA9-4C90-4AC6-A123-ACED756D6C77}.Debug|x86.Build.0 = Debug|Win32
		{371B9FA9-4C90-4AC6-A123-ACED756D6C77}.Release|Any CPU.ActiveCfg = Release|x64
		{371B9FA9-4C90-4AC6-A123-ACED756D6C77}.Release|Any CPU.Build.0 = Release|x64
		{371B9FA9-4C90-4AC6-A123-ACED756D6C77}.Release|x64.ActiveCfg = Release|x64
		{371B9FA9-4C90-4AC6-A123-ACED756D6C77}.Release|x64.Build.0 = Release|x64
		{371B9FA9-4C90-4AC6-A123-ACED756D6C77}.Release|x86.ActiveCfg = Release|Win32
		{371B9FA9-4C90-4AC6-A123-ACED756D6C77}.Release|x86.Build.0 = Release|Win32
		{8CD4CEC5-CA51-3AF4-A6CD-3AC3875C3C20}.Debug|Any CPU.ActiveCfg = Debug|x64
		{8CD4CEC5-CA51-3AF4-A6CD-3AC3875C3C20}.Debug|Any CPU.Build.0 = Debug|x64
		{8CD4CEC5-CA51-3AF4-A6CD-3AC3875C3C20}.Debug|x64.ActiveCfg = Debug|x64
		{8CD4CEC5-CA51-3AF4-A6CD-3AC3875C3C20}.Debug|x64.Build.0 = Debug|x64
		{8CD4CEC5-CA51-3AF4-A6CD-3AC3875C3C20}.Debug|x86.ActiveCfg = Debug|x64
		{8CD4CEC5-CA51-3AF4-A6CD-3AC3875C3C20}.Debug|x86.Build.0 = Debug|x64
		{8CD4CEC5-CA51-3AF4-A6CD-3AC3875C3C20}.Release|Any CPU.ActiveCfg = Release|x64
		{8CD4CEC5-CA51-3AF4-A6CD-3AC3875C3C20}.Release|Any CPU.Build.0 = Release|x64
		{8CD4CEC5-CA51-3AF4-A6CD-3AC3875C3C20}.Release|x64.ActiveCfg = Release|x64
		{8CD4CEC5-CA51-3AF4-A6CD-3AC3875C3C20}.Release|x64.Build.0 = Release|x64
		{8CD4CEC5-CA51-3AF4-A6CD-3AC3875C3C20}.Release|x86.ActiveCfg = Release|x64
		{8CD4CEC5-CA51-3AF4-A6CD-3AC3875C3C20}.Release|x86.Build.0 = Release|x64
		{E172EBE5-81E0-488D-860F-D9582A91D6E0}.Debug|Any CPU.ActiveCfg = Debug|Any CPU
		{E172EBE5-81E0-488D-860F-D9582A91D6E0}.Debug|Any CPU.Build.0 = Debug|Any CPU
		{E172EBE5-81E0-488D-860F-D9582A91D6E0}.Debug|x64.ActiveCfg = Debug|Any CPU
		{E172EBE5-81E0-488D-860F-D9582A91D6E0}.Debug|x64.Build.0 = Debug|Any CPU
		{E172EBE5-81E0-488D-860F-D9582A91D6E0}.Debug|x86.ActiveCfg = Debug|Any CPU
		{E172EBE5-81E0-488D-860F-D9582A91D6E0}.Debug|x86.Build.0 = Debug|Any CPU
		{E172EBE5-81E0-488D-860F-D9582A91D6E0}.Release|Any CPU.ActiveCfg = Release|Any CPU
		{E172EBE5-81E0-488D-860F-D9582A91D6E0}.Release|Any CPU.Build.0 = Release|Any CPU
		{E172EBE5-81E0-488D-860F-D9582A91D6E0}.Release|x64.ActiveCfg = Release|Any CPU
		{E172EBE5-81E0-488D-860F-D9582A91D6E0}.Release|x64.Build.0 = Release|Any CPU
		{E172EBE5-81E0-488D-860F-D9582A91D6E0}.Release|x86.ActiveCfg = Release|Any CPU
		{E172EBE5-81E0-488D-860F-D9582A91D6E0}.Release|x86.Build.0 = Release|Any CPU
		{D3480873-71D2-48C2-B369-6477E5DE1586}.Debug|Any CPU.ActiveCfg = Debug|Any CPU
		{D3480873-71D2-48C2-B369-6477E5DE1586}.Debug|Any CPU.Build.0 = Debug|Any CPU
		{D3480873-71D2-48C2-B369-6477E5DE1586}.Debug|x64.ActiveCfg = Debug|Any CPU
		{D3480873-71D2-48C2-B369-6477E5DE1586}.Debug|x64.Build.0 = Debug|Any CPU
		{D3480873-71D2-48C2-B369-6477E5DE1586}.Debug|x86.ActiveCfg = Debug|Any CPU
		{D3480873-71D2-48C2-B369-6477E5DE1586}.Debug|x86.Build.0 = Debug|Any CPU
		{D3480873-71D2-48C2-B369-6477E5DE1586}.Release|Any CPU.ActiveCfg = Release|Any CPU
		{D3480873-71D2-48C2-B369-6477E5DE1586}.Release|Any CPU.Build.0 = Release|Any CPU
		{D3480873-71D2-48C2-B369-6477E5DE1586}.Release|x64.ActiveCfg = Release|Any CPU
		{D3480873-71D2-48C2-B369-6477E5DE1586}.Release|x64.Build.0 = Release|Any CPU
		{D3480873-71D2-48C2-B369-6477E5DE1586}.Release|x86.ActiveCfg = Release|Any CPU
		{D3480873-71D2-48C2-B369-6477E5DE1586}.Release|x86.Build.0 = Release|Any CPU
	EndGlobalSection
	GlobalSection(SolutionProperties) = preSolution
		HideSolutionNode = FALSE
	EndGlobalSection
	GlobalSection(NestedProjects) = preSolution
		{821F72C3-7EEC-4DD0-ACA7-D79321D0D5D6} = {889456DB-5F87-4675-9CBE-E26C93CD9518}
		{8C55C745-7997-4095-8BC5-FAE2AB190F09} = {889456DB-5F87-4675-9CBE-E26C93CD9518}
		{A4FBBFB3-7691-4A77-865D-B1D432D25B1C} = {8C55C745-7997-4095-8BC5-FAE2AB190F09}
		{E0B52AE7-E160-4D32-BF3F-910B785E5A8E} = {A4FBBFB3-7691-4A77-865D-B1D432D25B1C}
		{99275168-766D-4302-8140-816E086A0664} = {9DCDF327-1FAE-4602-A06D-EE2043E6C059}
		{371B9FA9-4C90-4AC6-A123-ACED756D6C77} = {A4FBBFB3-7691-4A77-865D-B1D432D25B1C}
		{9DCDF327-1FAE-4602-A06D-EE2043E6C059} = {8C55C745-7997-4095-8BC5-FAE2AB190F09}
		{8CD4CEC5-CA51-3AF4-A6CD-3AC3875C3C20} = {8C55C745-7997-4095-8BC5-FAE2AB190F09}
		{940FE0B5-101C-4EC3-8B29-CE6E042DC509} = {889456DB-5F87-4675-9CBE-E26C93CD9518}
		{19804A48-CF28-487C-974C-D67B56B764E6} = {940FE0B5-101C-4EC3-8B29-CE6E042DC509}
		{E172EBE5-81E0-488D-860F-D9582A91D6E0} = {889456DB-5F87-4675-9CBE-E26C93CD9518}
	EndGlobalSection
EndGlobal
